{
  "version": "5",
  "specifiers": {
    "jsr:@hono/hono@^4.12.9": "4.12.9",
    "jsr:@std/assert@1": "1.0.16",
    "jsr:@std/cli@1": "1.0.28",
    "jsr:@std/internal@^1.0.12": "1.0.12",
    "npm:@lezer/python@*": "1.1.18"
  },
  "jsr": {
    "@hono/hono@4.12.9": {
      "integrity": "53c2b0a721c1d782e6a347ad5bf15a3235ff624b98859c21f779b7ee2f5e040e"
    },
    "@std/assert@1.0.16": {
      "integrity": "6a7272ed1eaa77defe76e5ff63ca705d9c495077e2d5fd0126d2b53fc5bd6532",
      "dependencies": [
        "jsr:@std/internal"
      ]
    },
    "@std/cli@1.0.28": {
      "integrity": "74ef9b976db59ca6b23a5283469c9072be6276853807a83ec6c7ce412135c70a"
    },
    "@std/internal@1.0.12": {
      "integrity": "972a634fd5bc34b242024402972cd5143eac68d8dffaca5eaa4dba30ce17b027"
    }
  },
  "npm": {
    "@lezer/common@1.5.2": {
      "integrity": "sha512-sxQE460fPZyU3sdc8lafxiPwJHBzZRy/udNFynGQky1SePYBdhkBl1kOagA9uT3pxR8K09bOrmTUqA9wb/PjSQ=="
    },
    "@lezer/highlight@1.2.3": {
      "integrity": "sha512-qXdH7UqTvGfdVBINrgKhDsVTJTxactNNxLk7+UMwZhU13lMHaOBlJe9Vqp907ya56Y3+ed2tlqzys7jDkTmW0g==",
      "dependencies": [
        "@lezer/common"
      ]
    },
    "@lezer/lr@1.4.8": {
      "integrity": "sha512-bPWa0Pgx69ylNlMlPvBPryqeLYQjyJjqPx+Aupm5zydLIF3NE+6MMLT8Yi23Bd9cif9VS00aUebn+6fDIGBcDA==",
      "dependencies": [
        "@lezer/common"
      ]
    },
    "@lezer/python@1.1.18": {
      "integrity": "sha512-31FiUrU7z9+d/ElGQLJFXl+dKOdx0jALlP3KEOsGTex8mvj+SoE1FgItcHWK/axkxCHGUSpqIHt6JAWfWu9Rhg==",
      "dependencies": [
        "@lezer/common",
        "@lezer/highlight",
        "@lezer/lr"
      ]
    }
  },
  "workspace": {
    "dependencies": [
      "jsr:@hono/hono@^4.12.9",
      "jsr:@std/assert@1",
      "jsr:@std/cli@1"
    ]
  }
}
